// !$*UTF8*$!
{
	archiveVersion = 1;
	classes = {
	};
	objectVersion = 55;
	objects = {

/* Begin PBXBuildFile section */
		88006FD027E0E48800BA6D4C /* FoodWasteApp.swift in Sources */ = {isa = PBXBuildFile; fileRef = 88006FCF27E0E48800BA6D4C /* FoodWasteApp.swift */; };
		88006FD227E0E48800BA6D4C /* ContentView.swift in Sources */ = {isa = PBXBuildFile; fileRef = 88006FD127E0E48800BA6D4C /* ContentView.swift */; };
		88006FD427E0E48B00BA6D4C /* Assets.xcassets in Resources */ = {isa = PBXBuildFile; fileRef = 88006FD327E0E48B00BA6D4C /* Assets.xcassets */; };
		88006FD727E0E48B00BA6D4C /* Preview Assets.xcassets in Resources */ = {isa = PBXBuildFile; fileRef = 88006FD627E0E48B00BA6D4C /* Preview Assets.xcassets */; };
		88006FEB27E0E48B00BA6D4C /* FoodWasteUITests.swift in Sources */ = {isa = PBXBuildFile; fileRef = 88006FEA27E0E48B00BA6D4C /* FoodWasteUITests.swift */; };
		88006FED27E0E48B00BA6D4C /* FoodWasteUITestsLaunchTests.swift in Sources */ = {isa = PBXBuildFile; fileRef = 88006FEC27E0E48B00BA6D4C /* FoodWasteUITestsLaunchTests.swift */; };
		88006FFE27E0ECA300BA6D4C /* BackgroundView.swift in Sources */ = {isa = PBXBuildFile; fileRef = 88006FFD27E0ECA300BA6D4C /* BackgroundView.swift */; };
		8800700027E1C93300BA6D4C /* ChatBubbleView.swift in Sources */ = {isa = PBXBuildFile; fileRef = 88006FFF27E1C93300BA6D4C /* ChatBubbleView.swift */; };
		88C5E4AE27E9F26400D4D68F /* NavigationTests.swift in Sources */ = {isa = PBXBuildFile; fileRef = 88C5E4AD27E9F26400D4D68F /* NavigationTests.swift */; };
		88C8E8D927E47EBE0030C13A /* Navigation.swift in Sources */ = {isa = PBXBuildFile; fileRef = 88C8E8D827E47EBE0030C13A /* Navigation.swift */; };
		88C8E8DC27E48F6B0030C13A /* ButtonViews.swift in Sources */ = {isa = PBXBuildFile; fileRef = 88C8E8DB27E48F6B0030C13A /* ButtonViews.swift */; };
		88C8E8DE27E496AB0030C13A /* TextViews.swift in Sources */ = {isa = PBXBuildFile; fileRef = 88C8E8DD27E496AB0030C13A /* TextViews.swift */; };
		88C8E8E527E9CD640030C13A /* Step1.swift in Sources */ = {isa = PBXBuildFile; fileRef = 88C8E8E427E9CD640030C13A /* Step1.swift */; };
		88C8E8E727E9CD830030C13A /* Step2.swift in Sources */ = {isa = PBXBuildFile; fileRef = 88C8E8E627E9CD830030C13A /* Step2.swift */; };
		88C8E8E927E9CEAD0030C13A /* Step3.swift in Sources */ = {isa = PBXBuildFile; fileRef = 88C8E8E827E9CEAD0030C13A /* Step3.swift */; };
		88C8E8EB27E9CECF0030C13A /* Step4.swift in Sources */ = {isa = PBXBuildFile; fileRef = 88C8E8EA27E9CECF0030C13A /* Step4.swift */; };
		F6318ED327E1D9E000F9BE03 /* RoundeViews.swift in Sources */ = {isa = PBXBuildFile; fileRef = F6318ED227E1D9E000F9BE03 /* RoundeViews.swift */; };
		F6318ED327E1D9E000F9BE03 /* RoundedViews.swift in Sources */ = {isa = PBXBuildFile; fileRef = F6318ED227E1D9E000F9BE03 /* RoundedViews.swift */; };
		F6318ED827E488A300F9BE03 /* CalculatorView.swift in Sources */ = {isa = PBXBuildFile; fileRef = F6318ED727E488A300F9BE03 /* CalculatorView.swift */; };
		F6318EDA27E488D100F9BE03 /* CalculatorFaceView.swift in Sources */ = {isa = PBXBuildFile; fileRef = F6318ED927E488D100F9BE03 /* CalculatorFaceView.swift */; };
		F6318EDC27E488EF00F9BE03 /* CalculatorDisplayOutputView.swift in Sources */ = {isa = PBXBuildFile; fileRef = F6318EDB27E488EF00F9BE03 /* CalculatorDisplayOutputView.swift */; };
		F6318EDE27E488FE00F9BE03 /* CalculatorKeyboardView.swift in Sources */ = {isa = PBXBuildFile; fileRef = F6318EDD27E488FE00F9BE03 /* CalculatorKeyboardView.swift */; };
		F6318EE027E48DDB00F9BE03 /* KeyboardWastParamsView.swift in Sources */ = {isa = PBXBuildFile; fileRef = F6318EDF27E48DDB00F9BE03 /* KeyboardWastParamsView.swift */; };
		F6318EE227E48DFC00F9BE03 /* KeyboardFunctionsView.swift in Sources */ = {isa = PBXBuildFile; fileRef = F6318EE127E48DFC00F9BE03 /* KeyboardFunctionsView.swift */; };
		F6318EE427E4A0D200F9BE03 /* Game.swift in Sources */ = {isa = PBXBuildFile; fileRef = F6318EE327E4A0D200F9BE03 /* Game.swift */; };
		F6596B4627E8A7F000F31A3D /* WasteParameter.swift in Sources */ = {isa = PBXBuildFile; fileRef = F6596B4527E8A7F000F31A3D /* WasteParameter.swift */; };
		F6E1FBC127EB50B900781FA6 /* FunctionParameter.swift in Sources */ = {isa = PBXBuildFile; fileRef = F6E1FBC027EB50B900781FA6 /* FunctionParameter.swift */; };
/* End PBXBuildFile section */

/* Begin PBXContainerItemProxy section */
		88006FDD27E0E48B00BA6D4C /* PBXContainerItemProxy */ = {
			isa = PBXContainerItemProxy;
			containerPortal = 88006FC427E0E48700BA6D4C /* Project object */;
			proxyType = 1;
			remoteGlobalIDString = 88006FCB27E0E48800BA6D4C;
			remoteInfo = FoodWaste;
		};
		88006FE727E0E48B00BA6D4C /* PBXContainerItemProxy */ = {
			isa = PBXContainerItemProxy;
			containerPortal = 88006FC427E0E48700BA6D4C /* Project object */;
			proxyType = 1;
			remoteGlobalIDString = 88006FCB27E0E48800BA6D4C;
			remoteInfo = FoodWaste;
		};
/* End PBXContainerItemProxy section */

/* Begin PBXFileReference section */
		88006FCC27E0E48800BA6D4C /* FoodWaste.app */ = {isa = PBXFileReference; explicitFileType = wrapper.application; includeInIndex = 0; path = FoodWaste.app; sourceTree = BUILT_PRODUCTS_DIR; };
		88006FCF27E0E48800BA6D4C /* FoodWasteApp.swift */ = {isa = PBXFileReference; lastKnownFileType = sourcecode.swift; path = FoodWasteApp.swift; sourceTree = "<group>"; };
		88006FD127E0E48800BA6D4C /* ContentView.swift */ = {isa = PBXFileReference; lastKnownFileType = sourcecode.swift; path = ContentView.swift; sourceTree = "<group>"; };
		88006FD327E0E48B00BA6D4C /* Assets.xcassets */ = {isa = PBXFileReference; lastKnownFileType = folder.assetcatalog; path = Assets.xcassets; sourceTree = "<group>"; };
		88006FD627E0E48B00BA6D4C /* Preview Assets.xcassets */ = {isa = PBXFileReference; lastKnownFileType = folder.assetcatalog; path = "Preview Assets.xcassets"; sourceTree = "<group>"; };
		88006FDC27E0E48B00BA6D4C /* FoodWasteTests.xctest */ = {isa = PBXFileReference; explicitFileType = wrapper.cfbundle; includeInIndex = 0; path = FoodWasteTests.xctest; sourceTree = BUILT_PRODUCTS_DIR; };
		88006FE627E0E48B00BA6D4C /* FoodWasteUITests.xctest */ = {isa = PBXFileReference; explicitFileType = wrapper.cfbundle; includeInIndex = 0; path = FoodWasteUITests.xctest; sourceTree = BUILT_PRODUCTS_DIR; };
		88006FEA27E0E48B00BA6D4C /* FoodWasteUITests.swift */ = {isa = PBXFileReference; lastKnownFileType = sourcecode.swift; path = FoodWasteUITests.swift; sourceTree = "<group>"; };
		88006FEC27E0E48B00BA6D4C /* FoodWasteUITestsLaunchTests.swift */ = {isa = PBXFileReference; lastKnownFileType = sourcecode.swift; path = FoodWasteUITestsLaunchTests.swift; sourceTree = "<group>"; };
		88006FFD27E0ECA300BA6D4C /* BackgroundView.swift */ = {isa = PBXFileReference; lastKnownFileType = sourcecode.swift; path = BackgroundView.swift; sourceTree = "<group>"; };
		88006FFF27E1C93300BA6D4C /* ChatBubbleView.swift */ = {isa = PBXFileReference; lastKnownFileType = sourcecode.swift; path = ChatBubbleView.swift; sourceTree = "<group>"; };
		88C5E4AD27E9F26400D4D68F /* NavigationTests.swift */ = {isa = PBXFileReference; lastKnownFileType = sourcecode.swift; path = NavigationTests.swift; sourceTree = "<group>"; };
		88C8E8D827E47EBE0030C13A /* Navigation.swift */ = {isa = PBXFileReference; lastKnownFileType = sourcecode.swift; path = Navigation.swift; sourceTree = "<group>"; };
		88C8E8DB27E48F6B0030C13A /* ButtonViews.swift */ = {isa = PBXFileReference; lastKnownFileType = sourcecode.swift; path = ButtonViews.swift; sourceTree = "<group>"; };
		88C8E8DD27E496AB0030C13A /* TextViews.swift */ = {isa = PBXFileReference; lastKnownFileType = sourcecode.swift; path = TextViews.swift; sourceTree = "<group>"; };
		88C8E8E427E9CD640030C13A /* Step1.swift */ = {isa = PBXFileReference; lastKnownFileType = sourcecode.swift; path = Step1.swift; sourceTree = "<group>"; };
		88C8E8E627E9CD830030C13A /* Step2.swift */ = {isa = PBXFileReference; lastKnownFileType = sourcecode.swift; path = Step2.swift; sourceTree = "<group>"; };
		88C8E8E827E9CEAD0030C13A /* Step3.swift */ = {isa = PBXFileReference; lastKnownFileType = sourcecode.swift; path = Step3.swift; sourceTree = "<group>"; };
		88C8E8EA27E9CECF0030C13A /* Step4.swift */ = {isa = PBXFileReference; lastKnownFileType = sourcecode.swift; path = Step4.swift; sourceTree = "<group>"; };
		F6318ED227E1D9E000F9BE03 /* RoundeViews.swift */ = {isa = PBXFileReference; lastKnownFileType = sourcecode.swift; path = RoundeViews.swift; sourceTree = "<group>"; };
		F6318ED227E1D9E000F9BE03 /* RoundedViews.swift */ = {isa = PBXFileReference; lastKnownFileType = sourcecode.swift; path = RoundedViews.swift; sourceTree = "<group>"; };
		F6318ED727E488A300F9BE03 /* CalculatorView.swift */ = {isa = PBXFileReference; lastKnownFileType = sourcecode.swift; path = CalculatorView.swift; sourceTree = "<group>"; };
		F6318ED927E488D100F9BE03 /* CalculatorFaceView.swift */ = {isa = PBXFileReference; lastKnownFileType = sourcecode.swift; path = CalculatorFaceView.swift; sourceTree = "<group>"; };
		F6318EDB27E488EF00F9BE03 /* CalculatorDisplayOutputView.swift */ = {isa = PBXFileReference; lastKnownFileType = sourcecode.swift; path = CalculatorDisplayOutputView.swift; sourceTree = "<group>"; };
		F6318EDD27E488FE00F9BE03 /* CalculatorKeyboardView.swift */ = {isa = PBXFileReference; lastKnownFileType = sourcecode.swift; path = CalculatorKeyboardView.swift; sourceTree = "<group>"; };
		F6318EDF27E48DDB00F9BE03 /* KeyboardWastParamsView.swift */ = {isa = PBXFileReference; lastKnownFileType = sourcecode.swift; path = KeyboardWastParamsView.swift; sourceTree = "<group>"; };
		F6318EE127E48DFC00F9BE03 /* KeyboardFunctionsView.swift */ = {isa = PBXFileReference; lastKnownFileType = sourcecode.swift; path = KeyboardFunctionsView.swift; sourceTree = "<group>"; };
		F6318EE327E4A0D200F9BE03 /* Game.swift */ = {isa = PBXFileReference; lastKnownFileType = sourcecode.swift; path = Game.swift; sourceTree = SOURCE_ROOT; };
		F6596B4527E8A7F000F31A3D /* WasteParameter.swift */ = {isa = PBXFileReference; lastKnownFileType = sourcecode.swift; path = WasteParameter.swift; sourceTree = SOURCE_ROOT; };
		F6E1FBC027EB50B900781FA6 /* FunctionParameter.swift */ = {isa = PBXFileReference; lastKnownFileType = sourcecode.swift; path = FunctionParameter.swift; sourceTree = SOURCE_ROOT; };
/* End PBXFileReference section */

/* Begin PBXFrameworksBuildPhase section */
		88006FC927E0E48800BA6D4C /* Frameworks */ = {
			isa = PBXFrameworksBuildPhase;
			buildActionMask = 2147483647;
			files = (
			);
			runOnlyForDeploymentPostprocessing = 0;
		};
		88006FD927E0E48B00BA6D4C /* Frameworks */ = {
			isa = PBXFrameworksBuildPhase;
			buildActionMask = 2147483647;
			files = (
			);
			runOnlyForDeploymentPostprocessing = 0;
		};
		88006FE327E0E48B00BA6D4C /* Frameworks */ = {
			isa = PBXFrameworksBuildPhase;
			buildActionMask = 2147483647;
			files = (
			);
			runOnlyForDeploymentPostprocessing = 0;
		};
/* End PBXFrameworksBuildPhase section */

/* Begin PBXGroup section */
		88006FC327E0E48700BA6D4C = {
			isa = PBXGroup;
			children = (
				88006FCE27E0E48800BA6D4C /* FoodWaste */,
				88006FDF27E0E48B00BA6D4C /* FoodWasteTests */,
				88006FE927E0E48B00BA6D4C /* FoodWasteUITests */,
				88006FCD27E0E48800BA6D4C /* Products */,
			);
			sourceTree = "<group>";
		};
		88006FCD27E0E48800BA6D4C /* Products */ = {
			isa = PBXGroup;
			children = (
				88006FCC27E0E48800BA6D4C /* FoodWaste.app */,
				88006FDC27E0E48B00BA6D4C /* FoodWasteTests.xctest */,
				88006FE627E0E48B00BA6D4C /* FoodWasteUITests.xctest */,
			);
			name = Products;
			sourceTree = "<group>";
		};
		88006FCE27E0E48800BA6D4C /* FoodWaste */ = {
			isa = PBXGroup;
			children = (
				88006FFA27E0E51A00BA6D4C /* App */,
				88006FFB27E0E52400BA6D4C /* Models */,
				88006FD527E0E48B00BA6D4C /* Preview Content */,
				88006FFC27E0E53800BA6D4C /* Views */,
			);
			path = FoodWaste;
			sourceTree = "<group>";
		};
		88006FD527E0E48B00BA6D4C /* Preview Content */ = {
			isa = PBXGroup;
			children = (
				88006FD627E0E48B00BA6D4C /* Preview Assets.xcassets */,
			);
			path = "Preview Content";
			sourceTree = "<group>";
		};
		88006FDF27E0E48B00BA6D4C /* FoodWasteTests */ = {
			isa = PBXGroup;
			children = (
				88C5E4AD27E9F26400D4D68F /* NavigationTests.swift */,
			);
			path = FoodWasteTests;
			sourceTree = "<group>";
		};
		88006FE927E0E48B00BA6D4C /* FoodWasteUITests */ = {
			isa = PBXGroup;
			children = (
				88006FEA27E0E48B00BA6D4C /* FoodWasteUITests.swift */,
				88006FEC27E0E48B00BA6D4C /* FoodWasteUITestsLaunchTests.swift */,
			);
			path = FoodWasteUITests;
			sourceTree = "<group>";
		};
		88006FFA27E0E51A00BA6D4C /* App */ = {
			isa = PBXGroup;
			children = (
				88006FD327E0E48B00BA6D4C /* Assets.xcassets */,
				88006FCF27E0E48800BA6D4C /* FoodWasteApp.swift */,
			);
			path = App;
			sourceTree = "<group>";
		};
		88006FFB27E0E52400BA6D4C /* Models */ = {
			isa = PBXGroup;
			children = (
				88C8E8D827E47EBE0030C13A /* Navigation.swift */,
				F6318EE327E4A0D200F9BE03 /* Game.swift */,
				F6596B4527E8A7F000F31A3D /* WasteParameter.swift */,
				F6E1FBC027EB50B900781FA6 /* FunctionParameter.swift */,
			);
			path = Models;
			sourceTree = "<group>";
		};
		88006FFC27E0E53800BA6D4C /* Views */ = {
			isa = PBXGroup;
			children = (
				88C8E8E327E9CD130030C13A /* Steps */,
				F6318ED627E4883200F9BE03 /* Calculator */,
				88006FD127E0E48800BA6D4C /* ContentView.swift */,
				88006FFD27E0ECA300BA6D4C /* BackgroundView.swift */,
				88006FFF27E1C93300BA6D4C /* ChatBubbleView.swift */,
				88C8E8DB27E48F6B0030C13A /* ButtonViews.swift */,
				88C8E8DD27E496AB0030C13A /* TextViews.swift */,
			);
			path = Views;
			sourceTree = "<group>";
		};
		88C8E8E327E9CD130030C13A /* Steps */ = {
			isa = PBXGroup;
			children = (
				88C8E8E427E9CD640030C13A /* Step1.swift */,
				88C8E8E627E9CD830030C13A /* Step2.swift */,
				88C8E8E827E9CEAD0030C13A /* Step3.swift */,
				88C8E8EA27E9CECF0030C13A /* Step4.swift */,
			);
			path = Steps;
			sourceTree = "<group>";
		};
		F6318ED627E4883200F9BE03 /* Calculator */ = {
			isa = PBXGroup;
			children = (
				F6318ED227E1D9E000F9BE03 /* RoundedViews.swift */,
				F6318ED727E488A300F9BE03 /* CalculatorView.swift */,
				F6318ED927E488D100F9BE03 /* CalculatorFaceView.swift */,
				F6318EDB27E488EF00F9BE03 /* CalculatorDisplayOutputView.swift */,
				F6318EDD27E488FE00F9BE03 /* CalculatorKeyboardView.swift */,
				F6318EDF27E48DDB00F9BE03 /* KeyboardWastParamsView.swift */,
				F6318EE127E48DFC00F9BE03 /* KeyboardFunctionsView.swift */,
			);
			path = Calculator;
			sourceTree = "<group>";
		};
/* End PBXGroup section */

/* Begin PBXNativeTarget section */
		88006FCB27E0E48800BA6D4C /* FoodWaste */ = {
			isa = PBXNativeTarget;
			buildConfigurationList = 88006FF027E0E48B00BA6D4C /* Build configuration list for PBXNativeTarget "FoodWaste" */;
			buildPhases = (
				88006FC827E0E48800BA6D4C /* Sources */,
				88006FC927E0E48800BA6D4C /* Frameworks */,
				88006FCA27E0E48800BA6D4C /* Resources */,
			);
			buildRules = (
			);
			dependencies = (
			);
			name = FoodWaste;
			productName = FoodWaste;
			productReference = 88006FCC27E0E48800BA6D4C /* FoodWaste.app */;
			productType = "com.apple.product-type.application";
		};
		88006FDB27E0E48B00BA6D4C /* FoodWasteTests */ = {
			isa = PBXNativeTarget;
			buildConfigurationList = 88006FF327E0E48B00BA6D4C /* Build configuration list for PBXNativeTarget "FoodWasteTests" */;
			buildPhases = (
				88006FD827E0E48B00BA6D4C /* Sources */,
				88006FD927E0E48B00BA6D4C /* Frameworks */,
				88006FDA27E0E48B00BA6D4C /* Resources */,
			);
			buildRules = (
			);
			dependencies = (
				88006FDE27E0E48B00BA6D4C /* PBXTargetDependency */,
			);
			name = FoodWasteTests;
			productName = FoodWasteTests;
			productReference = 88006FDC27E0E48B00BA6D4C /* FoodWasteTests.xctest */;
			productType = "com.apple.product-type.bundle.unit-test";
		};
		88006FE527E0E48B00BA6D4C /* FoodWasteUITests */ = {
			isa = PBXNativeTarget;
			buildConfigurationList = 88006FF627E0E48B00BA6D4C /* Build configuration list for PBXNativeTarget "FoodWasteUITests" */;
			buildPhases = (
				88006FE227E0E48B00BA6D4C /* Sources */,
				88006FE327E0E48B00BA6D4C /* Frameworks */,
				88006FE427E0E48B00BA6D4C /* Resources */,
			);
			buildRules = (
			);
			dependencies = (
				88006FE827E0E48B00BA6D4C /* PBXTargetDependency */,
			);
			name = FoodWasteUITests;
			productName = FoodWasteUITests;
			productReference = 88006FE627E0E48B00BA6D4C /* FoodWasteUITests.xctest */;
			productType = "com.apple.product-type.bundle.ui-testing";
		};
/* End PBXNativeTarget section */

/* Begin PBXProject section */
		88006FC427E0E48700BA6D4C /* Project object */ = {
			isa = PBXProject;
			attributes = {
				BuildIndependentTargetsInParallel = 1;
				LastSwiftUpdateCheck = 1320;
				LastUpgradeCheck = 1320;
				TargetAttributes = {
					88006FCB27E0E48800BA6D4C = {
						CreatedOnToolsVersion = 13.2.1;
					};
					88006FDB27E0E48B00BA6D4C = {
						CreatedOnToolsVersion = 13.2.1;
						LastSwiftMigration = 1320;
						TestTargetID = 88006FCB27E0E48800BA6D4C;
					};
					88006FE527E0E48B00BA6D4C = {
						CreatedOnToolsVersion = 13.2.1;
						TestTargetID = 88006FCB27E0E48800BA6D4C;
					};
				};
			};
			buildConfigurationList = 88006FC727E0E48800BA6D4C /* Build configuration list for PBXProject "FoodWaste" */;
			compatibilityVersion = "Xcode 13.0";
			developmentRegion = en;
			hasScannedForEncodings = 0;
			knownRegions = (
				en,
				Base,
			);
			mainGroup = 88006FC327E0E48700BA6D4C;
			productRefGroup = 88006FCD27E0E48800BA6D4C /* Products */;
			projectDirPath = "";
			projectRoot = "";
			targets = (
				88006FCB27E0E48800BA6D4C /* FoodWaste */,
				88006FDB27E0E48B00BA6D4C /* FoodWasteTests */,
				88006FE527E0E48B00BA6D4C /* FoodWasteUITests */,
			);
		};
/* End PBXProject section */

/* Begin PBXResourcesBuildPhase section */
		88006FCA27E0E48800BA6D4C /* Resources */ = {
			isa = PBXResourcesBuildPhase;
			buildActionMask = 2147483647;
			files = (
				88006FD727E0E48B00BA6D4C /* Preview Assets.xcassets in Resources */,
				88006FD427E0E48B00BA6D4C /* Assets.xcassets in Resources */,
			);
			runOnlyForDeploymentPostprocessing = 0;
		};
		88006FDA27E0E48B00BA6D4C /* Resources */ = {
			isa = PBXResourcesBuildPhase;
			buildActionMask = 2147483647;
			files = (
			);
			runOnlyForDeploymentPostprocessing = 0;
		};
		88006FE427E0E48B00BA6D4C /* Resources */ = {
			isa = PBXResourcesBuildPhase;
			buildActionMask = 2147483647;
			files = (
			);
			runOnlyForDeploymentPostprocessing = 0;
		};
/* End PBXResourcesBuildPhase section */

/* Begin PBXSourcesBuildPhase section */
		88006FC827E0E48800BA6D4C /* Sources */ = {
			isa = PBXSourcesBuildPhase;
			buildActionMask = 2147483647;
			files = (
				88006FFE27E0ECA300BA6D4C /* BackgroundView.swift in Sources */,
				F6318ED327E1D9E000F9BE03 /* RoundeViews.swift in Sources */,
				F6318ED327E1D9E000F9BE03 /* RoundedViews.swift in Sources */,
				F6E1FBC127EB50B900781FA6 /* FunctionParameter.swift in Sources */,
				F6318ED827E488A300F9BE03 /* CalculatorView.swift in Sources */,
				88006FD227E0E48800BA6D4C /* ContentView.swift in Sources */,
				88C8E8DC27E48F6B0030C13A /* ButtonViews.swift in Sources */,
				88C8E8D927E47EBE0030C13A /* Navigation.swift in Sources */,
				88C8E8E927E9CEAD0030C13A /* Step3.swift in Sources */,
				88C8E8E727E9CD830030C13A /* Step2.swift in Sources */,
				8800700027E1C93300BA6D4C /* ChatBubbleView.swift in Sources */,
				88C8E8EB27E9CECF0030C13A /* Step4.swift in Sources */,
				88C8E8E527E9CD640030C13A /* Step1.swift in Sources */,
				88C8E8DE27E496AB0030C13A /* TextViews.swift in Sources */,
				F6318EDA27E488D100F9BE03 /* CalculatorFaceView.swift in Sources */,
				F6318EDE27E488FE00F9BE03 /* CalculatorKeyboardView.swift in Sources */,
				F6318EE427E4A0D200F9BE03 /* Game.swift in Sources */,
				88006FD027E0E48800BA6D4C /* FoodWasteApp.swift in Sources */,
				F6318EE227E48DFC00F9BE03 /* KeyboardFunctionsView.swift in Sources */,
				F6318EDC27E488EF00F9BE03 /* CalculatorDisplayOutputView.swift in Sources */,
				F6596B4627E8A7F000F31A3D /* WasteParameter.swift in Sources */,
				F6318EE027E48DDB00F9BE03 /* KeyboardWastParamsView.swift in Sources */,
			);
			runOnlyForDeploymentPostprocessing = 0;
		};
		88006FD827E0E48B00BA6D4C /* Sources */ = {
			isa = PBXSourcesBuildPhase;
			buildActionMask = 2147483647;
			files = (
				88C5E4AE27E9F26400D4D68F /* NavigationTests.swift in Sources */,
			);
			runOnlyForDeploymentPostprocessing = 0;
		};
		88006FE227E0E48B00BA6D4C /* Sources */ = {
			isa = PBXSourcesBuildPhase;
			buildActionMask = 2147483647;
			files = (
				88006FEB27E0E48B00BA6D4C /* FoodWasteUITests.swift in Sources */,
				88006FED27E0E48B00BA6D4C /* FoodWasteUITestsLaunchTests.swift in Sources */,
			);
			runOnlyForDeploymentPostprocessing = 0;
		};
/* End PBXSourcesBuildPhase section */

/* Begin PBXTargetDependency section */
		88006FDE27E0E48B00BA6D4C /* PBXTargetDependency */ = {
			isa = PBXTargetDependency;
			target = 88006FCB27E0E48800BA6D4C /* FoodWaste */;
			targetProxy = 88006FDD27E0E48B00BA6D4C /* PBXContainerItemProxy */;
		};
		88006FE827E0E48B00BA6D4C /* PBXTargetDependency */ = {
			isa = PBXTargetDependency;
			target = 88006FCB27E0E48800BA6D4C /* FoodWaste */;
			targetProxy = 88006FE727E0E48B00BA6D4C /* PBXContainerItemProxy */;
		};
/* End PBXTargetDependency section */

/* Begin XCBuildConfiguration section */
		88006FEE27E0E48B00BA6D4C /* Debug */ = {
			isa = XCBuildConfiguration;
			buildSettings = {
				ALWAYS_SEARCH_USER_PATHS = NO;
				CLANG_ANALYZER_NONNULL = YES;
				CLANG_ANALYZER_NUMBER_OBJECT_CONVERSION = YES_AGGRESSIVE;
				CLANG_CXX_LANGUAGE_STANDARD = "gnu++17";
				CLANG_CXX_LIBRARY = "libc++";
				CLANG_ENABLE_MODULES = YES;
				CLANG_ENABLE_OBJC_ARC = YES;
				CLANG_ENABLE_OBJC_WEAK = YES;
				CLANG_WARN_BLOCK_CAPTURE_AUTORELEASING = YES;
				CLANG_WARN_BOOL_CONVERSION = YES;
				CLANG_WARN_COMMA = YES;
				CLANG_WARN_CONSTANT_CONVERSION = YES;
				CLANG_WARN_DEPRECATED_OBJC_IMPLEMENTATIONS = YES;
				CLANG_WARN_DIRECT_OBJC_ISA_USAGE = YES_ERROR;
				CLANG_WARN_DOCUMENTATION_COMMENTS = YES;
				CLANG_WARN_EMPTY_BODY = YES;
				CLANG_WARN_ENUM_CONVERSION = YES;
				CLANG_WARN_INFINITE_RECURSION = YES;
				CLANG_WARN_INT_CONVERSION = YES;
				CLANG_WARN_NON_LITERAL_NULL_CONVERSION = YES;
				CLANG_WARN_OBJC_IMPLICIT_RETAIN_SELF = YES;
				CLANG_WARN_OBJC_LITERAL_CONVERSION = YES;
				CLANG_WARN_OBJC_ROOT_CLASS = YES_ERROR;
				CLANG_WARN_QUOTED_INCLUDE_IN_FRAMEWORK_HEADER = YES;
				CLANG_WARN_RANGE_LOOP_ANALYSIS = YES;
				CLANG_WARN_STRICT_PROTOTYPES = YES;
				CLANG_WARN_SUSPICIOUS_MOVE = YES;
				CLANG_WARN_UNGUARDED_AVAILABILITY = YES_AGGRESSIVE;
				CLANG_WARN_UNREACHABLE_CODE = YES;
				CLANG_WARN__DUPLICATE_METHOD_MATCH = YES;
				COPY_PHASE_STRIP = NO;
				DEBUG_INFORMATION_FORMAT = dwarf;
				ENABLE_STRICT_OBJC_MSGSEND = YES;
				ENABLE_TESTABILITY = YES;
				GCC_C_LANGUAGE_STANDARD = gnu11;
				GCC_DYNAMIC_NO_PIC = NO;
				GCC_NO_COMMON_BLOCKS = YES;
				GCC_OPTIMIZATION_LEVEL = 0;
				GCC_PREPROCESSOR_DEFINITIONS = (
					"DEBUG=1",
					"$(inherited)",
				);
				GCC_WARN_64_TO_32_BIT_CONVERSION = YES;
				GCC_WARN_ABOUT_RETURN_TYPE = YES_ERROR;
				GCC_WARN_UNDECLARED_SELECTOR = YES;
				GCC_WARN_UNINITIALIZED_AUTOS = YES_AGGRESSIVE;
				GCC_WARN_UNUSED_FUNCTION = YES;
				GCC_WARN_UNUSED_VARIABLE = YES;
				IPHONEOS_DEPLOYMENT_TARGET = 15.2;
				MTL_ENABLE_DEBUG_INFO = INCLUDE_SOURCE;
				MTL_FAST_MATH = YES;
				ONLY_ACTIVE_ARCH = YES;
				SDKROOT = iphoneos;
				SWIFT_ACTIVE_COMPILATION_CONDITIONS = DEBUG;
				SWIFT_OPTIMIZATION_LEVEL = "-Onone";
			};
			name = Debug;
		};
		88006FEF27E0E48B00BA6D4C /* Release */ = {
			isa = XCBuildConfiguration;
			buildSettings = {
				ALWAYS_SEARCH_USER_PATHS = NO;
				CLANG_ANALYZER_NONNULL = YES;
				CLANG_ANALYZER_NUMBER_OBJECT_CONVERSION = YES_AGGRESSIVE;
				CLANG_CXX_LANGUAGE_STANDARD = "gnu++17";
				CLANG_CXX_LIBRARY = "libc++";
				CLANG_ENABLE_MODULES = YES;
				CLANG_ENABLE_OBJC_ARC = YES;
				CLANG_ENABLE_OBJC_WEAK = YES;
				CLANG_WARN_BLOCK_CAPTURE_AUTORELEASING = YES;
				CLANG_WARN_BOOL_CONVERSION = YES;
				CLANG_WARN_COMMA = YES;
				CLANG_WARN_CONSTANT_CONVERSION = YES;
				CLANG_WARN_DEPRECATED_OBJC_IMPLEMENTATIONS = YES;
				CLANG_WARN_DIRECT_OBJC_ISA_USAGE = YES_ERROR;
				CLANG_WARN_DOCUMENTATION_COMMENTS = YES;
				CLANG_WARN_EMPTY_BODY = YES;
				CLANG_WARN_ENUM_CONVERSION = YES;
				CLANG_WARN_INFINITE_RECURSION = YES;
				CLANG_WARN_INT_CONVERSION = YES;
				CLANG_WARN_NON_LITERAL_NULL_CONVERSION = YES;
				CLANG_WARN_OBJC_IMPLICIT_RETAIN_SELF = YES;
				CLANG_WARN_OBJC_LITERAL_CONVERSION = YES;
				CLANG_WARN_OBJC_ROOT_CLASS = YES_ERROR;
				CLANG_WARN_QUOTED_INCLUDE_IN_FRAMEWORK_HEADER = YES;
				CLANG_WARN_RANGE_LOOP_ANALYSIS = YES;
				CLANG_WARN_STRICT_PROTOTYPES = YES;
				CLANG_WARN_SUSPICIOUS_MOVE = YES;
				CLANG_WARN_UNGUARDED_AVAILABILITY = YES_AGGRESSIVE;
				CLANG_WARN_UNREACHABLE_CODE = YES;
				CLANG_WARN__DUPLICATE_METHOD_MATCH = YES;
				COPY_PHASE_STRIP = NO;
				DEBUG_INFORMATION_FORMAT = "dwarf-with-dsym";
				ENABLE_NS_ASSERTIONS = NO;
				ENABLE_STRICT_OBJC_MSGSEND = YES;
				GCC_C_LANGUAGE_STANDARD = gnu11;
				GCC_NO_COMMON_BLOCKS = YES;
				GCC_WARN_64_TO_32_BIT_CONVERSION = YES;
				GCC_WARN_ABOUT_RETURN_TYPE = YES_ERROR;
				GCC_WARN_UNDECLARED_SELECTOR = YES;
				GCC_WARN_UNINITIALIZED_AUTOS = YES_AGGRESSIVE;
				GCC_WARN_UNUSED_FUNCTION = YES;
				GCC_WARN_UNUSED_VARIABLE = YES;
				IPHONEOS_DEPLOYMENT_TARGET = 15.2;
				MTL_ENABLE_DEBUG_INFO = NO;
				MTL_FAST_MATH = YES;
				SDKROOT = iphoneos;
				SWIFT_COMPILATION_MODE = wholemodule;
				SWIFT_OPTIMIZATION_LEVEL = "-O";
				VALIDATE_PRODUCT = YES;
			};
			name = Release;
		};
		88006FF127E0E48B00BA6D4C /* Debug */ = {
			isa = XCBuildConfiguration;
			buildSettings = {
				ASSETCATALOG_COMPILER_APPICON_NAME = AppIcon;
				ASSETCATALOG_COMPILER_GLOBAL_ACCENT_COLOR_NAME = AccentColor;
				CODE_SIGN_STYLE = Automatic;
				CURRENT_PROJECT_VERSION = 1;
				DEVELOPMENT_ASSET_PATHS = "\"FoodWaste/Preview Content\"";
				DEVELOPMENT_TEAM = MHBEW6TVG2;
				ENABLE_PREVIEWS = YES;
				GENERATE_INFOPLIST_FILE = YES;
				INFOPLIST_KEY_UIApplicationSceneManifest_Generation = YES;
				INFOPLIST_KEY_UIApplicationSupportsIndirectInputEvents = YES;
				INFOPLIST_KEY_UILaunchScreen_Generation = YES;
				INFOPLIST_KEY_UISupportedInterfaceOrientations_iPad = "UIInterfaceOrientationPortrait UIInterfaceOrientationPortraitUpsideDown UIInterfaceOrientationLandscapeLeft UIInterfaceOrientationLandscapeRight";
				INFOPLIST_KEY_UISupportedInterfaceOrientations_iPhone = "UIInterfaceOrientationPortrait UIInterfaceOrientationLandscapeLeft UIInterfaceOrientationLandscapeRight";
				LD_RUNPATH_SEARCH_PATHS = (
					"$(inherited)",
					"@executable_path/Frameworks",
				);
				MARKETING_VERSION = 1.0;
				PRODUCT_BUNDLE_IDENTIFIER = se.helsingborg.FoodWaste;
				PRODUCT_NAME = "$(TARGET_NAME)";
				SWIFT_EMIT_LOC_STRINGS = YES;
				SWIFT_VERSION = 5.0;
				TARGETED_DEVICE_FAMILY = "1,2";
			};
			name = Debug;
		};
		88006FF227E0E48B00BA6D4C /* Release */ = {
			isa = XCBuildConfiguration;
			buildSettings = {
				ASSETCATALOG_COMPILER_APPICON_NAME = AppIcon;
				ASSETCATALOG_COMPILER_GLOBAL_ACCENT_COLOR_NAME = AccentColor;
				CODE_SIGN_STYLE = Automatic;
				CURRENT_PROJECT_VERSION = 1;
				DEVELOPMENT_ASSET_PATHS = "\"FoodWaste/Preview Content\"";
				DEVELOPMENT_TEAM = MHBEW6TVG2;
				ENABLE_PREVIEWS = YES;
				GENERATE_INFOPLIST_FILE = YES;
				INFOPLIST_KEY_UIApplicationSceneManifest_Generation = YES;
				INFOPLIST_KEY_UIApplicationSupportsIndirectInputEvents = YES;
				INFOPLIST_KEY_UILaunchScreen_Generation = YES;
				INFOPLIST_KEY_UISupportedInterfaceOrientations_iPad = "UIInterfaceOrientationPortrait UIInterfaceOrientationPortraitUpsideDown UIInterfaceOrientationLandscapeLeft UIInterfaceOrientationLandscapeRight";
				INFOPLIST_KEY_UISupportedInterfaceOrientations_iPhone = "UIInterfaceOrientationPortrait UIInterfaceOrientationLandscapeLeft UIInterfaceOrientationLandscapeRight";
				LD_RUNPATH_SEARCH_PATHS = (
					"$(inherited)",
					"@executable_path/Frameworks",
				);
				MARKETING_VERSION = 1.0;
				PRODUCT_BUNDLE_IDENTIFIER = se.helsingborg.FoodWaste;
				PRODUCT_NAME = "$(TARGET_NAME)";
				SWIFT_EMIT_LOC_STRINGS = YES;
				SWIFT_VERSION = 5.0;
				TARGETED_DEVICE_FAMILY = "1,2";
			};
			name = Release;
		};
		88006FF427E0E48B00BA6D4C /* Debug */ = {
			isa = XCBuildConfiguration;
			buildSettings = {
				ALWAYS_EMBED_SWIFT_STANDARD_LIBRARIES = YES;
				BUNDLE_LOADER = "$(TEST_HOST)";
				CLANG_ENABLE_MODULES = YES;
				CODE_SIGN_STYLE = Automatic;
				CURRENT_PROJECT_VERSION = 1;
				DEVELOPMENT_TEAM = MHBEW6TVG2;
				GENERATE_INFOPLIST_FILE = YES;
				IPHONEOS_DEPLOYMENT_TARGET = 15.2;
				LD_RUNPATH_SEARCH_PATHS = (
					"$(inherited)",
					"@executable_path/Frameworks",
					"@loader_path/Frameworks",
				);
				MARKETING_VERSION = 1.0;
				PRODUCT_BUNDLE_IDENTIFIER = se.helsingborg.FoodWasteTests;
				PRODUCT_NAME = "$(TARGET_NAME)";
				SWIFT_EMIT_LOC_STRINGS = NO;
				SWIFT_OPTIMIZATION_LEVEL = "-Onone";
				SWIFT_VERSION = 5.0;
				TARGETED_DEVICE_FAMILY = "1,2";
				TEST_HOST = "$(BUILT_PRODUCTS_DIR)/FoodWaste.app/FoodWaste";
			};
			name = Debug;
		};
		88006FF527E0E48B00BA6D4C /* Release */ = {
			isa = XCBuildConfiguration;
			buildSettings = {
				ALWAYS_EMBED_SWIFT_STANDARD_LIBRARIES = YES;
				BUNDLE_LOADER = "$(TEST_HOST)";
				CLANG_ENABLE_MODULES = YES;
				CODE_SIGN_STYLE = Automatic;
				CURRENT_PROJECT_VERSION = 1;
				DEVELOPMENT_TEAM = MHBEW6TVG2;
				GENERATE_INFOPLIST_FILE = YES;
				IPHONEOS_DEPLOYMENT_TARGET = 15.2;
				LD_RUNPATH_SEARCH_PATHS = (
					"$(inherited)",
					"@executable_path/Frameworks",
					"@loader_path/Frameworks",
				);
				MARKETING_VERSION = 1.0;
				PRODUCT_BUNDLE_IDENTIFIER = se.helsingborg.FoodWasteTests;
				PRODUCT_NAME = "$(TARGET_NAME)";
				SWIFT_EMIT_LOC_STRINGS = NO;
				SWIFT_VERSION = 5.0;
				TARGETED_DEVICE_FAMILY = "1,2";
				TEST_HOST = "$(BUILT_PRODUCTS_DIR)/FoodWaste.app/FoodWaste";
			};
			name = Release;
		};
		88006FF727E0E48B00BA6D4C /* Debug */ = {
			isa = XCBuildConfiguration;
			buildSettings = {
				ALWAYS_EMBED_SWIFT_STANDARD_LIBRARIES = YES;
				CODE_SIGN_STYLE = Automatic;
				CURRENT_PROJECT_VERSION = 1;
				DEVELOPMENT_TEAM = MHBEW6TVG2;
				GENERATE_INFOPLIST_FILE = YES;
				MARKETING_VERSION = 1.0;
				PRODUCT_BUNDLE_IDENTIFIER = se.helsingborg.FoodWasteUITests;
				PRODUCT_NAME = "$(TARGET_NAME)";
				SWIFT_EMIT_LOC_STRINGS = NO;
				SWIFT_VERSION = 5.0;
				TARGETED_DEVICE_FAMILY = "1,2";
				TEST_TARGET_NAME = FoodWaste;
			};
			name = Debug;
		};
		88006FF827E0E48B00BA6D4C /* Release */ = {
			isa = XCBuildConfiguration;
			buildSettings = {
				ALWAYS_EMBED_SWIFT_STANDARD_LIBRARIES = YES;
				CODE_SIGN_STYLE = Automatic;
				CURRENT_PROJECT_VERSION = 1;
				DEVELOPMENT_TEAM = MHBEW6TVG2;
				GENERATE_INFOPLIST_FILE = YES;
				MARKETING_VERSION = 1.0;
				PRODUCT_BUNDLE_IDENTIFIER = se.helsingborg.FoodWasteUITests;
				PRODUCT_NAME = "$(TARGET_NAME)";
				SWIFT_EMIT_LOC_STRINGS = NO;
				SWIFT_VERSION = 5.0;
				TARGETED_DEVICE_FAMILY = "1,2";
				TEST_TARGET_NAME = FoodWaste;
			};
			name = Release;
		};
/* End XCBuildConfiguration section */

/* Begin XCConfigurationList section */
		88006FC727E0E48800BA6D4C /* Build configuration list for PBXProject "FoodWaste" */ = {
			isa = XCConfigurationList;
			buildConfigurations = (
				88006FEE27E0E48B00BA6D4C /* Debug */,
				88006FEF27E0E48B00BA6D4C /* Release */,
			);
			defaultConfigurationIsVisible = 0;
			defaultConfigurationName = Release;
		};
		88006FF027E0E48B00BA6D4C /* Build configuration list for PBXNativeTarget "FoodWaste" */ = {
			isa = XCConfigurationList;
			buildConfigurations = (
				88006FF127E0E48B00BA6D4C /* Debug */,
				88006FF227E0E48B00BA6D4C /* Release */,
			);
			defaultConfigurationIsVisible = 0;
			defaultConfigurationName = Release;
		};
		88006FF327E0E48B00BA6D4C /* Build configuration list for PBXNativeTarget "FoodWasteTests" */ = {
			isa = XCConfigurationList;
			buildConfigurations = (
				88006FF427E0E48B00BA6D4C /* Debug */,
				88006FF527E0E48B00BA6D4C /* Release */,
			);
			defaultConfigurationIsVisible = 0;
			defaultConfigurationName = Release;
		};
		88006FF627E0E48B00BA6D4C /* Build configuration list for PBXNativeTarget "FoodWasteUITests" */ = {
			isa = XCConfigurationList;
			buildConfigurations = (
				88006FF727E0E48B00BA6D4C /* Debug */,
				88006FF827E0E48B00BA6D4C /* Release */,
			);
			defaultConfigurationIsVisible = 0;
			defaultConfigurationName = Release;
		};
/* End XCConfigurationList section */
	};
	rootObject = 88006FC427E0E48700BA6D4C /* Project object */;
}
