// !$*UTF8*$!
{
	archiveVersion = 1;
	classes = {
	};
	objectVersion = 55;
	objects = {

/* Begin PBXBuildFile section */
		88006FD027E0E48800BA6D4C /* FoodWasteApp.swift in Sources */ = {isa = PBXBuildFile; fileRef = 88006FCF27E0E48800BA6D4C /* FoodWasteApp.swift */; };
		88006FD227E0E48800BA6D4C /* ContentView.swift in Sources */ = {isa = PBXBuildFile; fileRef = 88006FD127E0E48800BA6D4C /* ContentView.swift */; };
		88006FD427E0E48B00BA6D4C /* Assets.xcassets in Resources */ = {isa = PBXBuildFile; fileRef = 88006FD327E0E48B00BA6D4C /* Assets.xcassets */; };
		88006FD727E0E48B00BA6D4C /* Preview Assets.xcassets in Resources */ = {isa = PBXBuildFile; fileRef = 88006FD627E0E48B00BA6D4C /* Preview Assets.xcassets */; };
		88006FE127E0E48B00BA6D4C /* FoodWasteTests.swift in Sources */ = {isa = PBXBuildFile; fileRef = 88006FE027E0E48B00BA6D4C /* FoodWasteTests.swift */; };
		88006FEB27E0E48B00BA6D4C /* FoodWasteUITests.swift in Sources */ = {isa = PBXBuildFile; fileRef = 88006FEA27E0E48B00BA6D4C /* FoodWasteUITests.swift */; };
		88006FED27E0E48B00BA6D4C /* FoodWasteUITestsLaunchTests.swift in Sources */ = {isa = PBXBuildFile; fileRef = 88006FEC27E0E48B00BA6D4C /* FoodWasteUITestsLaunchTests.swift */; };
		88006FFE27E0ECA300BA6D4C /* BackgroundView.swift in Sources */ = {isa = PBXBuildFile; fileRef = 88006FFD27E0ECA300BA6D4C /* BackgroundView.swift */; };
/* End PBXBuildFile section */

/* Begin PBXContainerItemProxy section */
		88006FDD27E0E48B00BA6D4C /* PBXContainerItemProxy */ = {
			isa = PBXContainerItemProxy;
			containerPortal = 88006FC427E0E48700BA6D4C /* Project object */;
			proxyType = 1;
			remoteGlobalIDString = 88006FCB27E0E48800BA6D4C;
			remoteInfo = FoodWaste;
		};
		88006FE727E0E48B00BA6D4C /* PBXContainerItemProxy */ = {
			isa = PBXContainerItemProxy;
			containerPortal = 88006FC427E0E48700BA6D4C /* Project object */;
			proxyType = 1;
			remoteGlobalIDString = 88006FCB27E0E48800BA6D4C;
			remoteInfo = FoodWaste;
		};
/* End PBXContainerItemProxy section */

/* Begin PBXFileReference section */
		88006FCC27E0E48800BA6D4C /* FoodWaste.app */ = {isa = PBXFileReference; explicitFileType = wrapper.application; includeInIndex = 0; path = FoodWaste.app; sourceTree = BUILT_PRODUCTS_DIR; };
		88006FCF27E0E48800BA6D4C /* FoodWasteApp.swift */ = {isa = PBXFileReference; lastKnownFileType = sourcecode.swift; path = FoodWasteApp.swift; sourceTree = "<group>"; };
		88006FD127E0E48800BA6D4C /* ContentView.swift */ = {isa = PBXFileReference; lastKnownFileType = sourcecode.swift; path = ContentView.swift; sourceTree = "<group>"; };
		88006FD327E0E48B00BA6D4C /* Assets.xcassets */ = {isa = PBXFileReference; lastKnownFileType = folder.assetcatalog; path = Assets.xcassets; sourceTree = "<group>"; };
		88006FD627E0E48B00BA6D4C /* Preview Assets.xcassets */ = {isa = PBXFileReference; lastKnownFileType = folder.assetcatalog; path = "Preview Assets.xcassets"; sourceTree = "<group>"; };
		88006FDC27E0E48B00BA6D4C /* FoodWasteTests.xctest */ = {isa = PBXFileReference; explicitFileType = wrapper.cfbundle; includeInIndex = 0; path = FoodWasteTests.xctest; sourceTree = BUILT_PRODUCTS_DIR; };
		88006FE027E0E48B00BA6D4C /* FoodWasteTests.swift */ = {isa = PBXFileReference; lastKnownFileType = sourcecode.swift; path = FoodWasteTests.swift; sourceTree = "<group>"; };
		88006FE627E0E48B00BA6D4C /* FoodWasteUITests.xctest */ = {isa = PBXFileReference; explicitFileType = wrapper.cfbundle; includeInIndex = 0; path = FoodWasteUITests.xctest; sourceTree = BUILT_PRODUCTS_DIR; };
		88006FEA27E0E48B00BA6D4C /* FoodWasteUITests.swift */ = {isa = PBXFileReference; lastKnownFileType = sourcecode.swift; path = FoodWasteUITests.swift; sourceTree = "<group>"; };
		88006FEC27E0E48B00BA6D4C /* FoodWasteUITestsLaunchTests.swift */ = {isa = PBXFileReference; lastKnownFileType = sourcecode.swift; path = FoodWasteUITestsLaunchTests.swift; sourceTree = "<group>"; };
		88006FFD27E0ECA300BA6D4C /* BackgroundView.swift */ = {isa = PBXFileReference; lastKnownFileType = sourcecode.swift; path = BackgroundView.swift; sourceTree = "<group>"; };
/* End PBXFileReference section */

/* Begin PBXFrameworksBuildPhase section */
		88006FC927E0E48800BA6D4C /* Frameworks */ = {
			isa = PBXFrameworksBuildPhase;
			buildActionMask = 2147483647;
			files = (
			);
			runOnlyForDeploymentPostprocessing = 0;
		};
		88006FD927E0E48B00BA6D4C /* Frameworks */ = {
			isa = PBXFrameworksBuildPhase;
			buildActionMask = 2147483647;
			files = (
			);
			runOnlyForDeploymentPostprocessing = 0;
		};
		88006FE327E0E48B00BA6D4C /* Frameworks */ = {
			isa = PBXFrameworksBuildPhase;
			buildActionMask = 2147483647;
			files = (
			);
			runOnlyForDeploymentPostprocessing = 0;
		};
/* End PBXFrameworksBuildPhase section */

/* Begin PBXGroup section */
		88006FC327E0E48700BA6D4C = {
			isa = PBXGroup;
			children = (
				88006FCE27E0E48800BA6D4C /* FoodWaste */,
				88006FDF27E0E48B00BA6D4C /* FoodWasteTests */,
				88006FE927E0E48B00BA6D4C /* FoodWasteUITests */,
				88006FCD27E0E48800BA6D4C /* Products */,
			);
			sourceTree = "<group>";
		};
		88006FCD27E0E48800BA6D4C /* Products */ = {
			isa = PBXGroup;
			children = (
				88006FCC27E0E48800BA6D4C /* FoodWaste.app */,
				88006FDC27E0E48B00BA6D4C /* FoodWasteTests.xctest */,
				88006FE627E0E48B00BA6D4C /* FoodWasteUITests.xctest */,
			);
			name = Products;
			sourceTree = "<group>";
		};
		88006FCE27E0E48800BA6D4C /* FoodWaste */ = {
			isa = PBXGroup;
			children = (
				88006FFA27E0E51A00BA6D4C /* App */,
				88006FFB27E0E52400BA6D4C /* Models */,
				88006FD527E0E48B00BA6D4C /* Preview Content */,
				88006FFC27E0E53800BA6D4C /* Views */,
			);
			path = FoodWaste;
			sourceTree = "<group>";
		};
		88006FD527E0E48B00BA6D4C /* Preview Content */ = {
			isa = PBXGroup;
			children = (
				88006FD627E0E48B00BA6D4C /* Preview Assets.xcassets */,
			);
			path = "Preview Content";
			sourceTree = "<group>";
		};
		88006FDF27E0E48B00BA6D4C /* FoodWasteTests */ = {
			isa = PBXGroup;
			children = (
				88006FE027E0E48B00BA6D4C /* FoodWasteTests.swift */,
			);
			path = FoodWasteTests;
			sourceTree = "<group>";
		};
		88006FE927E0E48B00BA6D4C /* FoodWasteUITests */ = {
			isa = PBXGroup;
			children = (
				88006FEA27E0E48B00BA6D4C /* FoodWasteUITests.swift */,
				88006FEC27E0E48B00BA6D4C /* FoodWasteUITestsLaunchTests.swift */,
			);
			path = FoodWasteUITests;
			sourceTree = "<group>";
		};
		88006FFA27E0E51A00BA6D4C /* App */ = {
			isa = PBXGroup;
			children = (
				88006FD327E0E48B00BA6D4C /* Assets.xcassets */,
				88006FCF27E0E48800BA6D4C /* FoodWasteApp.swift */,
			);
			path = App;
			sourceTree = "<group>";
		};
		88006FFB27E0E52400BA6D4C /* Models */ = {
			isa = PBXGroup;
			children = (
			);
			path = Models;
			sourceTree = "<group>";
		};
		88006FFC27E0E53800BA6D4C /* Views */ = {
			isa = PBXGroup;
			children = (
				88006FD127E0E48800BA6D4C /* ContentView.swift */,
				88006FFD27E0ECA300BA6D4C /* BackgroundView.swift */,
			);
			path = Views;
			sourceTree = "<group>";
		};
/* End PBXGroup section */

/* Begin PBXNativeTarget section */
		88006FCB27E0E48800BA6D4C /* FoodWaste */ = {
			isa = PBXNativeTarget;
			buildConfigurationList = 88006FF027E0E48B00BA6D4C /* Build configuration list for PBXNativeTarget "FoodWaste" */;
			buildPhases = (
				88006FC827E0E48800BA6D4C /* Sources */,
				88006FC927E0E48800BA6D4C /* Frameworks */,
				88006FCA27E0E48800BA6D4C /* Resources */,
			);
			buildRules = (
			);
			dependencies = (
			);
			name = FoodWaste;
			productName = FoodWaste;
			productReference = 88006FCC27E0E48800BA6D4C /* FoodWaste.app */;
			productType = "com.apple.product-type.application";
		};
		88006FDB27E0E48B00BA6D4C /* FoodWasteTests */ = {
			isa = PBXNativeTarget;
			buildConfigurationList = 88006FF327E0E48B00BA6D4C /* Build configuration list for PBXNativeTarget "FoodWasteTests" */;
			buildPhases = (
				88006FD827E0E48B00BA6D4C /* Sources */,
				88006FD927E0E48B00BA6D4C /* Frameworks */,
				88006FDA27E0E48B00BA6D4C /* Resources */,
			);
			buildRules = (
			);
			dependencies = (
				88006FDE27E0E48B00BA6D4C /* PBXTargetDependency */,
			);
			name = FoodWasteTests;
			productName = FoodWasteTests;
			productReference = 88006FDC27E0E48B00BA6D4C /* FoodWasteTests.xctest */;
			productType = "com.apple.product-type.bundle.unit-test";
		};
		88006FE527E0E48B00BA6D4C /* FoodWasteUITests */ = {
			isa = PBXNativeTarget;
			buildConfigurationList = 88006FF627E0E48B00BA6D4C /* Build configuration list for PBXNativeTarget "FoodWasteUITests" */;
			buildPhases = (
				88006FE227E0E48B00BA6D4C /* Sources */,
				88006FE327E0E48B00BA6D4C /* Frameworks */,
				88006FE427E0E48B00BA6D4C /* Resources */,
			);
			buildRules = (
			);
			dependencies = (
				88006FE827E0E48B00BA6D4C /* PBXTargetDependency */,
			);
			name = FoodWasteUITests;
			productName = FoodWasteUITests;
			productReference = 88006FE627E0E48B00BA6D4C /* FoodWasteUITests.xctest */;
			productType = "com.apple.product-type.bundle.ui-testing";
		};
/* End PBXNativeTarget section */

/* Begin PBXProject section */
		88006FC427E0E48700BA6D4C /* Project object */ = {
			isa = PBXProject;
			attributes = {
				BuildIndependentTargetsInParallel = 1;
				LastSwiftUpdateCheck = 1320;
				LastUpgradeCheck = 1320;
				TargetAttributes = {
					88006FCB27E0E48800BA6D4C = {
						CreatedOnToolsVersion = 13.2.1;
					};
					88006FDB27E0E48B00BA6D4C = {
						CreatedOnToolsVersion = 13.2.1;
						TestTargetID = 88006FCB27E0E48800BA6D4C;
					};
					88006FE527E0E48B00BA6D4C = {
						CreatedOnToolsVersion = 13.2.1;
						TestTargetID = 88006FCB27E0E48800BA6D4C;
					};
				};
			};
			buildConfigurationList = 88006FC727E0E48800BA6D4C /* Build configuration list for PBXProject "FoodWaste" */;
			compatibilityVersion = "Xcode 13.0";
			developmentRegion = en;
			hasScannedForEncodings = 0;
			knownRegions = (
				en,
				Base,
			);
			mainGroup = 88006FC327E0E48700BA6D4C;
			productRefGroup = 88006FCD27E0E48800BA6D4C /* Products */;
			projectDirPath = "";
			projectRoot = "";
			targets = (
				88006FCB27E0E48800BA6D4C /* FoodWaste */,
				88006FDB27E0E48B00BA6D4C /* FoodWasteTests */,
				88006FE527E0E48B00BA6D4C /* FoodWasteUITests */,
			);
		};
/* End PBXProject section */

/* Begin PBXResourcesBuildPhase section */
		88006FCA27E0E48800BA6D4C /* Resources */ = {
			isa = PBXResourcesBuildPhase;
			buildActionMask = 2147483647;
			files = (
				88006FD727E0E48B00BA6D4C /* Preview Assets.xcassets in Resources */,
				88006FD427E0E48B00BA6D4C /* Assets.xcassets in Resources */,
			);
			runOnlyForDeploymentPostprocessing = 0;
		};
		88006FDA27E0E48B00BA6D4C /* Resources */ = {
			isa = PBXResourcesBuildPhase;
			buildActionMask = 2147483647;
			files = (
			);
			runOnlyForDeploymentPostprocessing = 0;
		};
		88006FE427E0E48B00BA6D4C /* Resources */ = {
			isa = PBXResourcesBuildPhase;
			buildActionMask = 2147483647;
			files = (
			);
			runOnlyForDeploymentPostprocessing = 0;
		};
/* End PBXResourcesBuildPhase section */

/* Begin PBXSourcesBuildPhase section */
		88006FC827E0E48800BA6D4C /* Sources */ = {
			isa = PBXSourcesBuildPhase;
			buildActionMask = 2147483647;
			files = (
				88006FFE27E0ECA300BA6D4C /* BackgroundView.swift in Sources */,
				88006FD227E0E48800BA6D4C /* ContentView.swift in Sources */,
				88006FD027E0E48800BA6D4C /* FoodWasteApp.swift in Sources */,
			);
			runOnlyForDeploymentPostprocessing = 0;
		};
		88006FD827E0E48B00BA6D4C /* Sources */ = {
			isa = PBXSourcesBuildPhase;
			buildActionMask = 2147483647;
			files = (
				88006FE127E0E48B00BA6D4C /* FoodWasteTests.swift in Sources */,
			);
			runOnlyForDeploymentPostprocessing = 0;
		};
		88006FE227E0E48B00BA6D4C /* Sources */ = {
			isa = PBXSourcesBuildPhase;
			buildActionMask = 2147483647;
			files = (
				88006FEB27E0E48B00BA6D4C /* FoodWasteUITests.swift in Sources */,
				88006FED27E0E48B00BA6D4C /* FoodWasteUITestsLaunchTests.swift in Sources */,
			);
			runOnlyForDeploymentPostprocessing = 0;
		};
/* End PBXSourcesBuildPhase section */

/* Begin PBXTargetDependency section */
		88006FDE27E0E48B00BA6D4C /* PBXTargetDependency */ = {
			isa = PBXTargetDependency;
			target = 88006FCB27E0E48800BA6D4C /* FoodWaste */;
			targetProxy = 88006FDD27E0E48B00BA6D4C /* PBXContainerItemProxy */;
		};
		88006FE827E0E48B00BA6D4C /* PBXTargetDependency */ = {
			isa = PBXTargetDependency;
			target = 88006FCB27E0E48800BA6D4C /* FoodWaste */;
			targetProxy = 88006FE727E0E48B00BA6D4C /* PBXContainerItemProxy */;
		};
/* End PBXTargetDependency section */

/* Begin XCBuildConfiguration section */
		88006FEE27E0E48B00BA6D4C /* Debug */ = {
			isa = XCBuildConfiguration;
			buildSettings = {
				ALWAYS_SEARCH_USER_PATHS = NO;
				CLANG_ANALYZER_NONNULL = YES;
				CLANG_ANALYZER_NUMBER_OBJECT_CONVERSION = YES_AGGRESSIVE;
				CLANG_CXX_LANGUAGE_STANDARD = "gnu++17";
				CLANG_CXX_LIBRARY = "libc++";
				CLANG_ENABLE_MODULES = YES;
				CLANG_ENABLE_OBJC_ARC = YES;
				CLANG_ENABLE_OBJC_WEAK = YES;
				CLANG_WARN_BLOCK_CAPTURE_AUTORELEASING = YES;
				CLANG_WARN_BOOL_CONVERSION = YES;
				CLANG_WARN_COMMA = YES;
				CLANG_WARN_CONSTANT_CONVERSION = YES;
				CLANG_WARN_DEPRECATED_OBJC_IMPLEMENTATIONS = YES;
				CLANG_WARN_DIRECT_OBJC_ISA_USAGE = YES_ERROR;
				CLANG_WARN_DOCUMENTATION_COMMENTS = YES;
				CLANG_WARN_EMPTY_BODY = YES;
				CLANG_WARN_ENUM_CONVERSION = YES;
				CLANG_WARN_INFINITE_RECURSION = YES;
				CLANG_WARN_INT_CONVERSION = YES;
				CLANG_WARN_NON_LITERAL_NULL_CONVERSION = YES;
				CLANG_WARN_OBJC_IMPLICIT_RETAIN_SELF = YES;
				CLANG_WARN_OBJC_LITERAL_CONVERSION = YES;
				CLANG_WARN_OBJC_ROOT_CLASS = YES_ERROR;
				CLANG_WARN_QUOTED_INCLUDE_IN_FRAMEWORK_HEADER = YES;
				CLANG_WARN_RANGE_LOOP_ANALYSIS = YES;
				CLANG_WARN_STRICT_PROTOTYPES = YES;
				CLANG_WARN_SUSPICIOUS_MOVE = YES;
				CLANG_WARN_UNGUARDED_AVAILABILITY = YES_AGGRESSIVE;
				CLANG_WARN_UNREACHABLE_CODE = YES;
				CLANG_WARN__DUPLICATE_METHOD_MATCH = YES;
				COPY_PHASE_STRIP = NO;
				DEBUG_INFORMATION_FORMAT = dwarf;
				ENABLE_STRICT_OBJC_MSGSEND = YES;
				ENABLE_TESTABILITY = YES;
				GCC_C_LANGUAGE_STANDARD = gnu11;
				GCC_DYNAMIC_NO_PIC = NO;
				GCC_NO_COMMON_BLOCKS = YES;
				GCC_OPTIMIZATION_LEVEL = 0;
				GCC_PREPROCESSOR_DEFINITIONS = (
					"DEBUG=1",
					"$(inherited)",
				);
				GCC_WARN_64_TO_32_BIT_CONVERSION = YES;
				GCC_WARN_ABOUT_RETURN_TYPE = YES_ERROR;
				GCC_WARN_UNDECLARED_SELECTOR = YES;
				GCC_WARN_UNINITIALIZED_AUTOS = YES_AGGRESSIVE;
				GCC_WARN_UNUSED_FUNCTION = YES;
				GCC_WARN_UNUSED_VARIABLE = YES;
				IPHONEOS_DEPLOYMENT_TARGET = 15.2;
				MTL_ENABLE_DEBUG_INFO = INCLUDE_SOURCE;
				MTL_FAST_MATH = YES;
				ONLY_ACTIVE_ARCH = YES;
				SDKROOT = iphoneos;
				SWIFT_ACTIVE_COMPILATION_CONDITIONS = DEBUG;
				SWIFT_OPTIMIZATION_LEVEL = "-Onone";
			};
			name = Debug;
		};
		88006FEF27E0E48B00BA6D4C /* Release */ = {
			isa = XCBuildConfiguration;
			buildSettings = {
				ALWAYS_SEARCH_USER_PATHS = NO;
				CLANG_ANALYZER_NONNULL = YES;
				CLANG_ANALYZER_NUMBER_OBJECT_CONVERSION = YES_AGGRESSIVE;
				CLANG_CXX_LANGUAGE_STANDARD = "gnu++17";
				CLANG_CXX_LIBRARY = "libc++";
				CLANG_ENABLE_MODULES = YES;
				CLANG_ENABLE_OBJC_ARC = YES;
				CLANG_ENABLE_OBJC_WEAK = YES;
				CLANG_WARN_BLOCK_CAPTURE_AUTORELEASING = YES;
				CLANG_WARN_BOOL_CONVERSION = YES;
				CLANG_WARN_COMMA = YES;
				CLANG_WARN_CONSTANT_CONVERSION = YES;
				CLANG_WARN_DEPRECATED_OBJC_IMPLEMENTATIONS = YES;
				CLANG_WARN_DIRECT_OBJC_ISA_USAGE = YES_ERROR;
				CLANG_WARN_DOCUMENTATION_COMMENTS = YES;
				CLANG_WARN_EMPTY_BODY = YES;
				CLANG_WARN_ENUM_CONVERSION = YES;
				CLANG_WARN_INFINITE_RECURSION = YES;
				CLANG_WARN_INT_CONVERSION = YES;
				CLANG_WARN_NON_LITERAL_NULL_CONVERSION = YES;
				CLANG_WARN_OBJC_IMPLICIT_RETAIN_SELF = YES;
				CLANG_WARN_OBJC_LITERAL_CONVERSION = YES;
				CLANG_WARN_OBJC_ROOT_CLASS = YES_ERROR;
				CLANG_WARN_QUOTED_INCLUDE_IN_FRAMEWORK_HEADER = YES;
				CLANG_WARN_RANGE_LOOP_ANALYSIS = YES;
				CLANG_WARN_STRICT_PROTOTYPES = YES;
				CLANG_WARN_SUSPICIOUS_MOVE = YES;
				CLANG_WARN_UNGUARDED_AVAILABILITY = YES_AGGRESSIVE;
				CLANG_WARN_UNREACHABLE_CODE = YES;
				CLANG_WARN__DUPLICATE_METHOD_MATCH = YES;
				COPY_PHASE_STRIP = NO;
				DEBUG_INFORMATION_FORMAT = "dwarf-with-dsym";
				ENABLE_NS_ASSERTIONS = NO;
				ENABLE_STRICT_OBJC_MSGSEND = YES;
				GCC_C_LANGUAGE_STANDARD = gnu11;
				GCC_NO_COMMON_BLOCKS = YES;
				GCC_WARN_64_TO_32_BIT_CONVERSION = YES;
				GCC_WARN_ABOUT_RETURN_TYPE = YES_ERROR;
				GCC_WARN_UNDECLARED_SELECTOR = YES;
				GCC_WARN_UNINITIALIZED_AUTOS = YES_AGGRESSIVE;
				GCC_WARN_UNUSED_FUNCTION = YES;
				GCC_WARN_UNUSED_VARIABLE = YES;
				IPHONEOS_DEPLOYMENT_TARGET = 15.2;
				MTL_ENABLE_DEBUG_INFO = NO;
				MTL_FAST_MATH = YES;
				SDKROOT = iphoneos;
				SWIFT_COMPILATION_MODE = wholemodule;
				SWIFT_OPTIMIZATION_LEVEL = "-O";
				VALIDATE_PRODUCT = YES;
			};
			name = Release;
		};
		88006FF127E0E48B00BA6D4C /* Debug */ = {
			isa = XCBuildConfiguration;
			buildSettings = {
				ASSETCATALOG_COMPILER_APPICON_NAME = AppIcon;
				ASSETCATALOG_COMPILER_GLOBAL_ACCENT_COLOR_NAME = AccentColor;
				CODE_SIGN_STYLE = Automatic;
				CURRENT_PROJECT_VERSION = 1;
				DEVELOPMENT_ASSET_PATHS = "\"FoodWaste/Preview Content\"";
				DEVELOPMENT_TEAM = MHBEW6TVG2;
				ENABLE_PREVIEWS = YES;
				GENERATE_INFOPLIST_FILE = YES;
				INFOPLIST_KEY_UIApplicationSceneManifest_Generation = YES;
				INFOPLIST_KEY_UIApplicationSupportsIndirectInputEvents = YES;
				INFOPLIST_KEY_UILaunchScreen_Generation = YES;
				INFOPLIST_KEY_UISupportedInterfaceOrientations_iPad = "UIInterfaceOrientationPortrait UIInterfaceOrientationPortraitUpsideDown UIInterfaceOrientationLandscapeLeft UIInterfaceOrientationLandscapeRight";
				INFOPLIST_KEY_UISupportedInterfaceOrientations_iPhone = "UIInterfaceOrientationPortrait UIInterfaceOrientationLandscapeLeft UIInterfaceOrientationLandscapeRight";
				LD_RUNPATH_SEARCH_PATHS = (
					"$(inherited)",
					"@executable_path/Frameworks",
				);
				MARKETING_VERSION = 1.0;
				PRODUCT_BUNDLE_IDENTIFIER = se.helsingborg.FoodWaste;
				PRODUCT_NAME = "$(TARGET_NAME)";
				SWIFT_EMIT_LOC_STRINGS = YES;
				SWIFT_VERSION = 5.0;
				TARGETED_DEVICE_FAMILY = "1,2";
			};
			name = Debug;
		};
		88006FF227E0E48B00BA6D4C /* Release */ = {
			isa = XCBuildConfiguration;
			buildSettings = {
				ASSETCATALOG_COMPILER_APPICON_NAME = AppIcon;
				ASSETCATALOG_COMPILER_GLOBAL_ACCENT_COLOR_NAME = AccentColor;
				CODE_SIGN_STYLE = Automatic;
				CURRENT_PROJECT_VERSION = 1;
				DEVELOPMENT_ASSET_PATHS = "\"FoodWaste/Preview Content\"";
				DEVELOPMENT_TEAM = MHBEW6TVG2;
				ENABLE_PREVIEWS = YES;
				GENERATE_INFOPLIST_FILE = YES;
				INFOPLIST_KEY_UIApplicationSceneManifest_Generation = YES;
				INFOPLIST_KEY_UIApplicationSupportsIndirectInputEvents = YES;
				INFOPLIST_KEY_UILaunchScreen_Generation = YES;
				INFOPLIST_KEY_UISupportedInterfaceOrientations_iPad = "UIInterfaceOrientationPortrait UIInterfaceOrientationPortraitUpsideDown UIInterfaceOrientationLandscapeLeft UIInterfaceOrientationLandscapeRight";
				INFOPLIST_KEY_UISupportedInterfaceOrientations_iPhone = "UIInterfaceOrientationPortrait UIInterfaceOrientationLandscapeLeft UIInterfaceOrientationLandscapeRight";
				LD_RUNPATH_SEARCH_PATHS = (
					"$(inherited)",
					"@executable_path/Frameworks",
				);
				MARKETING_VERSION = 1.0;
				PRODUCT_BUNDLE_IDENTIFIER = se.helsingborg.FoodWaste;
				PRODUCT_NAME = "$(TARGET_NAME)";
				SWIFT_EMIT_LOC_STRINGS = YES;
				SWIFT_VERSION = 5.0;
				TARGETED_DEVICE_FAMILY = "1,2";
			};
			name = Release;
		};
		88006FF427E0E48B00BA6D4C /* Debug */ = {
			isa = XCBuildConfiguration;
			buildSettings = {
				ALWAYS_EMBED_SWIFT_STANDARD_LIBRARIES = YES;
				BUNDLE_LOADER = "$(TEST_HOST)";
				CODE_SIGN_STYLE = Automatic;
				CURRENT_PROJECT_VERSION = 1;
				DEVELOPMENT_TEAM = MHBEW6TVG2;
				GENERATE_INFOPLIST_FILE = YES;
				IPHONEOS_DEPLOYMENT_TARGET = 15.2;
				MARKETING_VERSION = 1.0;
				PRODUCT_BUNDLE_IDENTIFIER = se.helsingborg.FoodWasteTests;
				PRODUCT_NAME = "$(TARGET_NAME)";
				SWIFT_EMIT_LOC_STRINGS = NO;
				SWIFT_VERSION = 5.0;
				TARGETED_DEVICE_FAMILY = "1,2";
				TEST_HOST = "$(BUILT_PRODUCTS_DIR)/FoodWaste.app/FoodWaste";
			};
			name = Debug;
		};
		88006FF527E0E48B00BA6D4C /* Release */ = {
			isa = XCBuildConfiguration;
			buildSettings = {
				ALWAYS_EMBED_SWIFT_STANDARD_LIBRARIES = YES;
				BUNDLE_LOADER = "$(TEST_HOST)";
				CODE_SIGN_STYLE = Automatic;
				CURRENT_PROJECT_VERSION = 1;
				DEVELOPMENT_TEAM = MHBEW6TVG2;
				GENERATE_INFOPLIST_FILE = YES;
				IPHONEOS_DEPLOYMENT_TARGET = 15.2;
				MARKETING_VERSION = 1.0;
				PRODUCT_BUNDLE_IDENTIFIER = se.helsingborg.FoodWasteTests;
				PRODUCT_NAME = "$(TARGET_NAME)";
				SWIFT_EMIT_LOC_STRINGS = NO;
				SWIFT_VERSION = 5.0;
				TARGETED_DEVICE_FAMILY = "1,2";
				TEST_HOST = "$(BUILT_PRODUCTS_DIR)/FoodWaste.app/FoodWaste";
			};
			name = Release;
		};
		88006FF727E0E48B00BA6D4C /* Debug */ = {
			isa = XCBuildConfiguration;
			buildSettings = {
				ALWAYS_EMBED_SWIFT_STANDARD_LIBRARIES = YES;
				CODE_SIGN_STYLE = Automatic;
				CURRENT_PROJECT_VERSION = 1;
				DEVELOPMENT_TEAM = MHBEW6TVG2;
				GENERATE_INFOPLIST_FILE = YES;
				MARKETING_VERSION = 1.0;
				PRODUCT_BUNDLE_IDENTIFIER = se.helsingborg.FoodWasteUITests;
				PRODUCT_NAME = "$(TARGET_NAME)";
				SWIFT_EMIT_LOC_STRINGS = NO;
				SWIFT_VERSION = 5.0;
				TARGETED_DEVICE_FAMILY = "1,2";
				TEST_TARGET_NAME = FoodWaste;
			};
			name = Debug;
		};
		88006FF827E0E48B00BA6D4C /* Release */ = {
			isa = XCBuildConfiguration;
			buildSettings = {
				ALWAYS_EMBED_SWIFT_STANDARD_LIBRARIES = YES;
				CODE_SIGN_STYLE = Automatic;
				CURRENT_PROJECT_VERSION = 1;
				DEVELOPMENT_TEAM = MHBEW6TVG2;
				GENERATE_INFOPLIST_FILE = YES;
				MARKETING_VERSION = 1.0;
				PRODUCT_BUNDLE_IDENTIFIER = se.helsingborg.FoodWasteUITests;
				PRODUCT_NAME = "$(TARGET_NAME)";
				SWIFT_EMIT_LOC_STRINGS = NO;
				SWIFT_VERSION = 5.0;
				TARGETED_DEVICE_FAMILY = "1,2";
				TEST_TARGET_NAME = FoodWaste;
			};
			name = Release;
		};
/* End XCBuildConfiguration section */

/* Begin XCConfigurationList section */
		88006FC727E0E48800BA6D4C /* Build configuration list for PBXProject "FoodWaste" */ = {
			isa = XCConfigurationList;
			buildConfigurations = (
				88006FEE27E0E48B00BA6D4C /* Debug */,
				88006FEF27E0E48B00BA6D4C /* Release */,
			);
			defaultConfigurationIsVisible = 0;
			defaultConfigurationName = Release;
		};
		88006FF027E0E48B00BA6D4C /* Build configuration list for PBXNativeTarget "FoodWaste" */ = {
			isa = XCConfigurationList;
			buildConfigurations = (
				88006FF127E0E48B00BA6D4C /* Debug */,
				88006FF227E0E48B00BA6D4C /* Release */,
			);
			defaultConfigurationIsVisible = 0;
			defaultConfigurationName = Release;
		};
		88006FF327E0E48B00BA6D4C /* Build configuration list for PBXNativeTarget "FoodWasteTests" */ = {
			isa = XCConfigurationList;
			buildConfigurations = (
				88006FF427E0E48B00BA6D4C /* Debug */,
				88006FF527E0E48B00BA6D4C /* Release */,
			);
			defaultConfigurationIsVisible = 0;
			defaultConfigurationName = Release;
		};
		88006FF627E0E48B00BA6D4C /* Build configuration list for PBXNativeTarget "FoodWasteUITests" */ = {
			isa = XCConfigurationList;
			buildConfigurations = (
				88006FF727E0E48B00BA6D4C /* Debug */,
				88006FF827E0E48B00BA6D4C /* Release */,
			);
			defaultConfigurationIsVisible = 0;
			defaultConfigurationName = Release;
		};
/* End XCConfigurationList section */
	};
	rootObject = 88006FC427E0E48700BA6D4C /* Project object */;
}
